# THIS IS AN AUTOGENERATED FILE. DO NOT EDIT THIS FILE DIRECTLY.
# yarn lockfile v1


setup-polly-jest@0.5.3-issue-5.2:
  version "0.5.3-issue-5.2"
  resolved "https://registry.yarnpkg.com/setup-polly-jest/-/setup-polly-jest-0.5.3-issue-5.2.tgz#fa4d5f37fa76cc3b598b27102d5a8ae644ff4f90"
  integrity sha512-UFqLJoazL9pEPUdvXdm9LXWs1WxGRvb06ANu6Yh47bCoHDyQBEzy0/0b5ISj/g8SdDM2SgQsl/bR6coX0y6WOg==
