# THIS IS AN AUTOGENERATED FILE. DO NOT EDIT THIS FILE DIRECTLY.
# yarn lockfile v1


setup-polly-jest@0.5.3-issue-5.4:
  version "0.5.3-issue-5.4"
  resolved "https://registry.yarnpkg.com/setup-polly-jest/-/setup-polly-jest-0.5.3-issue-5.4.tgz#ab8ff4927c598ee257c3cd2efab3bfbc8c3a3b9b"
  integrity sha512-JJSE+PqQuwhwb98AMGZA9OUcdAxM2drnqkZYqeHHokDOWhAZ3uELxBnwPFymHHPDC4yuigkjntcV1G4E/BYpVQ==
