# THIS IS AN AUTOGENERATED FILE. DO NOT EDIT THIS FILE DIRECTLY.
# yarn lockfile v1


setup-polly-jest@0.5.2:
  version "0.5.2"
  resolved "https://registry.yarnpkg.com/setup-polly-jest/-/setup-polly-jest-0.5.2.tgz#f99aa7c5fde539a37187c651fb63de5c10f4814e"
  integrity sha512-GmnzYGb21k01zY7IXmiz87spnpo1zN/zroexedAB3UIBE4lLKvDG4Y37wHn4PBiaO/MYjSuaihP5afoyaAdSeg==
